
Microsoft Visual Studio Solution File, Format Version 12.00
# Visual Studio Version 17
VisualStudioVersion = 17.14.36301.6
MinimumVisualStudioVersion = 10.0.40219.1
Project("{FAE04EC0-301F-11D3-BF4B-00C04F79EFBC}") = "AzureShop.WebApi", "AzureShop.WebApi\AzureShop.WebApi.csproj", "{0B25D5D9-59AF-495A-8E5E-82598EC8DEEF}"
EndProject
Global
	GlobalSection(SolutionConfigurationPlatforms) = preSolution
		Debug|Any CPU = Debug|Any CPU
		Release|Any CPU = Release|Any CPU
	EndGlobalSection
	GlobalSection(ProjectConfigurationPlatforms) = postSolution
		{0B25D5D9-59AF-495A-8E5E-82598EC8DEEF}.Debug|Any CPU.ActiveCfg = Debug|Any CPU
		{0B25D5D9-59AF-495A-8E5E-82598EC8DEEF}.Debug|Any CPU.Build.0 = Debug|Any CPU
		{0B25D5D9-59AF-495A-8E5E-82598EC8DEEF}.Release|Any CPU.ActiveCfg = Release|Any CPU
		{0B25D5D9-59AF-495A-8E5E-82598EC8DEEF}.Release|Any CPU.Build.0 = Release|Any CPU
	EndGlobalSection
	GlobalSection(SolutionProperties) = preSolution
		HideSolutionNode = FALSE
	EndGlobalSection
	GlobalSection(ExtensibilityGlobals) = postSolution
		SolutionGuid = {EA2354FE-672D-42B5-8A81-D405BFFAE063}
	EndGlobalSection
EndGlobal
